Microsoft Visual Studio Solution File, Format Version 12.00
# Visual Studio 2012
Project("{FAE04EC0-301F-11D3-BF4B-00C04F79EFBC}") = "Project S", "Project S.csproj", "{386E292F-5B0A-4BE5-879A-4D06D533FCC1}"
EndProject
Global
	GlobalSection(SolutionConfigurationPlatforms) = preSolution
	Debug|Any CPU = Debug|Any CPU
	ExportDebug|Any CPU = ExportDebug|Any CPU
	ExportRelease|Any CPU = ExportRelease|Any CPU
	EndGlobalSection
	GlobalSection(ProjectConfigurationPlatforms) = postSolution
		{386E292F-5B0A-4BE5-879A-4D06D533FCC1}.Debug|Any CPU.ActiveCfg = Debug|Any CPU
		{386E292F-5B0A-4BE5-879A-4D06D533FCC1}.Debug|Any CPU.Build.0 = Debug|Any CPU
		{386E292F-5B0A-4BE5-879A-4D06D533FCC1}.ExportDebug|Any CPU.ActiveCfg = ExportDebug|Any CPU
		{386E292F-5B0A-4BE5-879A-4D06D533FCC1}.ExportDebug|Any CPU.Build.0 = ExportDebug|Any CPU
		{386E292F-5B0A-4BE5-879A-4D06D533FCC1}.ExportRelease|Any CPU.ActiveCfg = ExportRelease|Any CPU
		{386E292F-5B0A-4BE5-879A-4D06D533FCC1}.ExportRelease|Any CPU.Build.0 = ExportRelease|Any CPU
	EndGlobalSection
EndGlobal
